
Microsoft Visual Studio Solution File, Format Version 12.00
# Visual Studio Version 16
VisualStudioVersion = 16.0.30413.136
MinimumVisualStudioVersion = 10.0.40219.1
Project("{FAE04EC0-301F-11D3-BF4B-00C04F79EFBC}") = "Hien thi so nguyen to", "Hien thi so nguyen to\Hien thi so nguyen to.csproj", "{A84495A9-FA1A-4EA6-8051-49D5DFC16C3E}"
EndProject
Global
	GlobalSection(SolutionConfigurationPlatforms) = preSolution
		Debug|Any CPU = Debug|Any CPU
		Release|Any CPU = Release|Any CPU
	EndGlobalSection
	GlobalSection(ProjectConfigurationPlatforms) = postSolution
		{A84495A9-FA1A-4EA6-8051-49D5DFC16C3E}.Debug|Any CPU.ActiveCfg = Debug|Any CPU
		{A84495A9-FA1A-4EA6-8051-49D5DFC16C3E}.Debug|Any CPU.Build.0 = Debug|Any CPU
		{A84495A9-FA1A-4EA6-8051-49D5DFC16C3E}.Release|Any CPU.ActiveCfg = Release|Any CPU
		{A84495A9-FA1A-4EA6-8051-49D5DFC16C3E}.Release|Any CPU.Build.0 = Release|Any CPU
	EndGlobalSection
	GlobalSection(SolutionProperties) = preSolution
		HideSolutionNode = FALSE
	EndGlobalSection
	GlobalSection(ExtensibilityGlobals) = postSolution
		SolutionGuid = {876E4049-B0E6-4311-9E59-086BEF1E6F49}
	EndGlobalSection
EndGlobal
